
Microsoft Visual Studio Solution File, Format Version 12.00
# Visual Studio Version 17
VisualStudioVersion = 17.9.34728.123
MinimumVisualStudioVersion = 10.0.40219.1
Project("{9A19103F-16F7-4668-BE54-9A1E7A4F7556}") = "Week2ExampleConsole", "Week2ExampleConsole\Week2ExampleConsole.csproj", "{BF653133-C559-4B9A-8820-6888C0993902}"
EndProject
Project("{FAE04EC0-301F-11D3-BF4B-00C04F79EFBC}") = "IntroToDataTypes", "IntroToDataTypes\IntroToDataTypes.csproj", "{0F6FEED4-24DE-4EC5-8240-B03B4D02BD71}"
EndProject
Project("{FAE04EC0-301F-11D3-BF4B-00C04F79EFBC}") = "InputOutputBasics", "InputOutputBasics\InputOutputBasics.csproj", "{4CB42D08-46CF-4AC9-BA7A-8293B3E47253}"
EndProject
Global
	GlobalSection(SolutionConfigurationPlatforms) = preSolution
		Debug|Any CPU = Debug|Any CPU
		Release|Any CPU = Release|Any CPU
	EndGlobalSection
	GlobalSection(ProjectConfigurationPlatforms) = postSolution
		{BF653133-C559-4B9A-8820-6888C0993902}.Debug|Any CPU.ActiveCfg = Debug|Any CPU
		{BF653133-C559-4B9A-8820-6888C0993902}.Debug|Any CPU.Build.0 = Debug|Any CPU
		{BF653133-C559-4B9A-8820-6888C0993902}.Release|Any CPU.ActiveCfg = Release|Any CPU
		{BF653133-C559-4B9A-8820-6888C0993902}.Release|Any CPU.Build.0 = Release|Any CPU
		{0F6FEED4-24DE-4EC5-8240-B03B4D02BD71}.Debug|Any CPU.ActiveCfg = Debug|Any CPU
		{0F6FEED4-24DE-4EC5-8240-B03B4D02BD71}.Debug|Any CPU.Build.0 = Debug|Any CPU
		{0F6FEED4-24DE-4EC5-8240-B03B4D02BD71}.Release|Any CPU.ActiveCfg = Release|Any CPU
		{0F6FEED4-24DE-4EC5-8240-B03B4D02BD71}.Release|Any CPU.Build.0 = Release|Any CPU
		{4CB42D08-46CF-4AC9-BA7A-8293B3E47253}.Debug|Any CPU.ActiveCfg = Debug|Any CPU
		{4CB42D08-46CF-4AC9-BA7A-8293B3E47253}.Debug|Any CPU.Build.0 = Debug|Any CPU
		{4CB42D08-46CF-4AC9-BA7A-8293B3E47253}.Release|Any CPU.ActiveCfg = Release|Any CPU
		{4CB42D08-46CF-4AC9-BA7A-8293B3E47253}.Release|Any CPU.Build.0 = Release|Any CPU
	EndGlobalSection
	GlobalSection(SolutionProperties) = preSolution
		HideSolutionNode = FALSE
	EndGlobalSection
	GlobalSection(ExtensibilityGlobals) = postSolution
		SolutionGuid = {593C7B4C-CE86-4263-AAAD-4C21BC43C7C6}
	EndGlobalSection
EndGlobal
