
Microsoft Visual Studio Solution File, Format Version 12.00
# Visual Studio Version 17
VisualStudioVersion = 17.9.34728.123
MinimumVisualStudioVersion = 10.0.40219.1
Project("{9A19103F-16F7-4668-BE54-9A1E7A4F7556}") = "Week2ExampleConsole", "Week2ExampleConsole\Week2ExampleConsole.csproj", "{BF653133-C559-4B9A-8820-6888C0993902}"
EndProject
Project("{9A19103F-16F7-4668-BE54-9A1E7A4F7556}") = "IntroToDataTypes", "IntroToDataTypes\IntroToDataTypes.csproj", "{0F6FEED4-24DE-4EC5-8240-B03B4D02BD71}"
EndProject
Project("{9A19103F-16F7-4668-BE54-9A1E7A4F7556}") = "InputOutputBasics", "InputOutputBasics\InputOutputBasics.csproj", "{4CB42D08-46CF-4AC9-BA7A-8293B3E47253}"
EndProject
Project("{9A19103F-16F7-4668-BE54-9A1E7A4F7556}") = "ParsingValues", "ParsingValues\ParsingValues.csproj", "{0FFF1CB3-D4B9-4B1C-9131-F238782AD415}"
EndProject
Project("{9A19103F-16F7-4668-BE54-9A1E7A4F7556}") = "GroceriesCalculator", "GroceriesCalculator\GroceriesCalculator.csproj", "{8874A37F-EEE9-4C96-BC24-E86301B736C4}"
EndProject
Project("{9A19103F-16F7-4668-BE54-9A1E7A4F7556}") = "TipCalculator", "TipCalculator\TipCalculator.csproj", "{55B7F556-1F7F-4DB2-A305-E6C778899D79}"
EndProject
Project("{9A19103F-16F7-4668-BE54-9A1E7A4F7556}") = "PlanetGravityCalculator", "PlanetGravityCalculator\PlanetGravityCalculator.csproj", "{C123EB69-0C50-437F-8A35-162428CE8273}"
EndProject
Project("{9A19103F-16F7-4668-BE54-9A1E7A4F7556}") = "RandomNumberGame", "RandomNumberGame\RandomNumberGame.csproj", "{C2931C96-8C62-44EF-A2F4-04D4B67D8735}"
EndProject
Project("{9A19103F-16F7-4668-BE54-9A1E7A4F7556}") = "ConsoleFormatting", "ConsoleFormatting\ConsoleFormatting.csproj", "{D3F77024-F793-48C5-8C85-C8D31C2940DC}"
EndProject
Project("{9A19103F-16F7-4668-BE54-9A1E7A4F7556}") = "IntroToStrings", "IntroToStrings\IntroToStrings.csproj", "{14A297C4-6E32-4088-91EC-692E82D51565}"
EndProject
Project("{9A19103F-16F7-4668-BE54-9A1E7A4F7556}") = "DecisionsOne", "DecisionsOne\DecisionsOne.csproj", "{552DB04D-6DF9-4FD9-B8A2-C96A04443FC6}"
EndProject
Project("{9A19103F-16F7-4668-BE54-9A1E7A4F7556}") = "ConversionApp", "ConversionApp\ConversionApp.csproj", "{46AA5720-A295-4837-8B36-47B48C9D37B2}"
EndProject
Project("{9A19103F-16F7-4668-BE54-9A1E7A4F7556}") = "IntroToLoopsOne", "IntroToLoopsOne\IntroToLoopsOne.csproj", "{CBDFAC87-B02E-46F0-B2EA-DA9BEC6F7B8F}"
EndProject
Project("{9A19103F-16F7-4668-BE54-9A1E7A4F7556}") = "LoopsProblemsOne", "LoopsProblemsOne\LoopsProblemsOne.csproj", "{A86195DA-1944-4687-9913-9526B8E1CC64}"
EndProject
Project("{9A19103F-16F7-4668-BE54-9A1E7A4F7556}") = "LoopsProblemsTwoAndThree", "LoopsProblemsTwoAndThree\LoopsProblemsTwoAndThree.csproj", "{0016B745-3829-437F-B0A8-8F30344424A0}"
EndProject
Project("{9A19103F-16F7-4668-BE54-9A1E7A4F7556}") = "IntroToArrays", "IntroToArrays\IntroToArrays.csproj", "{C824D7D3-9923-4BDD-ACD7-ADEC4DD1E6E6}"
EndProject
Project("{9A19103F-16F7-4668-BE54-9A1E7A4F7556}") = "ArrayProblemsTwo", "ArrayProblemsTwo\ArrayProblemsTwo.csproj", "{90C965CC-6A3D-47EB-A4BC-985C59EDFC81}"
EndProject
Project("{9A19103F-16F7-4668-BE54-9A1E7A4F7556}") = "ArrayPractice", "ArrayPractice\ArrayPractice.csproj", "{19FE4CE4-173E-4F8E-B809-78884B8BF202}"
EndProject
Project("{9A19103F-16F7-4668-BE54-9A1E7A4F7556}") = "ArrayPitfalls", "ArrayPitfalls\ArrayPitfalls.csproj", "{B8429EA5-7483-444A-B631-55AD33DD5631}"
EndProject
Project("{9A19103F-16F7-4668-BE54-9A1E7A4F7556}") = "IntroToFunctions", "IntroToMethods\IntroToFunctions.csproj", "{8B05E1B7-C22E-4CCD-8910-3F1DCCE558F1}"
EndProject
Project("{9A19103F-16F7-4668-BE54-9A1E7A4F7556}") = "MethodProblemsOne", "MethodProblemsOne\MethodProblemsOne.csproj", "{C14F2AE7-2B90-4373-84FF-C0233CDC25DB}"
EndProject
Project("{9A19103F-16F7-4668-BE54-9A1E7A4F7556}") = "ArrayProblemOne", "ArrayProblemOne\ArrayProblemOne.csproj", "{A13522C2-AC79-4514-8720-8D2F0F4AC485}"
EndProject
Project("{FAE04EC0-301F-11D3-BF4B-00C04F79EFBC}") = "ErrorsBasics", "ErrorsBasics\ErrorsBasics.csproj", "{7B1EBF90-F004-4663-A615-0F7802CB6601}"
EndProject
Project("{FAE04EC0-301F-11D3-BF4B-00C04F79EFBC}") = "IntroParallelArrays", "IntroParallelArrays\IntroParallelArrays.csproj", "{9587C1E8-792B-4CB2-95A2-61AFF03E0E09}"
EndProject
Project("{FAE04EC0-301F-11D3-BF4B-00C04F79EFBC}") = "SwitchAndArray", "SwitchAndArray\SwitchAndArray.csproj", "{551F53FB-779D-42F0-BEBD-9EE2C8424626}"
EndProject
Global
	GlobalSection(SolutionConfigurationPlatforms) = preSolution
		Debug|Any CPU = Debug|Any CPU
		Release|Any CPU = Release|Any CPU
	EndGlobalSection
	GlobalSection(ProjectConfigurationPlatforms) = postSolution
		{BF653133-C559-4B9A-8820-6888C0993902}.Debug|Any CPU.ActiveCfg = Debug|Any CPU
		{BF653133-C559-4B9A-8820-6888C0993902}.Debug|Any CPU.Build.0 = Debug|Any CPU
		{BF653133-C559-4B9A-8820-6888C0993902}.Release|Any CPU.ActiveCfg = Release|Any CPU
		{BF653133-C559-4B9A-8820-6888C0993902}.Release|Any CPU.Build.0 = Release|Any CPU
		{0F6FEED4-24DE-4EC5-8240-B03B4D02BD71}.Debug|Any CPU.ActiveCfg = Debug|Any CPU
		{0F6FEED4-24DE-4EC5-8240-B03B4D02BD71}.Debug|Any CPU.Build.0 = Debug|Any CPU
		{0F6FEED4-24DE-4EC5-8240-B03B4D02BD71}.Release|Any CPU.ActiveCfg = Release|Any CPU
		{0F6FEED4-24DE-4EC5-8240-B03B4D02BD71}.Release|Any CPU.Build.0 = Release|Any CPU
		{4CB42D08-46CF-4AC9-BA7A-8293B3E47253}.Debug|Any CPU.ActiveCfg = Debug|Any CPU
		{4CB42D08-46CF-4AC9-BA7A-8293B3E47253}.Debug|Any CPU.Build.0 = Debug|Any CPU
		{4CB42D08-46CF-4AC9-BA7A-8293B3E47253}.Release|Any CPU.ActiveCfg = Release|Any CPU
		{4CB42D08-46CF-4AC9-BA7A-8293B3E47253}.Release|Any CPU.Build.0 = Release|Any CPU
		{0FFF1CB3-D4B9-4B1C-9131-F238782AD415}.Debug|Any CPU.ActiveCfg = Debug|Any CPU
		{0FFF1CB3-D4B9-4B1C-9131-F238782AD415}.Debug|Any CPU.Build.0 = Debug|Any CPU
		{0FFF1CB3-D4B9-4B1C-9131-F238782AD415}.Release|Any CPU.ActiveCfg = Release|Any CPU
		{0FFF1CB3-D4B9-4B1C-9131-F238782AD415}.Release|Any CPU.Build.0 = Release|Any CPU
		{8874A37F-EEE9-4C96-BC24-E86301B736C4}.Debug|Any CPU.ActiveCfg = Debug|Any CPU
		{8874A37F-EEE9-4C96-BC24-E86301B736C4}.Debug|Any CPU.Build.0 = Debug|Any CPU
		{8874A37F-EEE9-4C96-BC24-E86301B736C4}.Release|Any CPU.ActiveCfg = Release|Any CPU
		{8874A37F-EEE9-4C96-BC24-E86301B736C4}.Release|Any CPU.Build.0 = Release|Any CPU
		{55B7F556-1F7F-4DB2-A305-E6C778899D79}.Debug|Any CPU.ActiveCfg = Debug|Any CPU
		{55B7F556-1F7F-4DB2-A305-E6C778899D79}.Debug|Any CPU.Build.0 = Debug|Any CPU
		{55B7F556-1F7F-4DB2-A305-E6C778899D79}.Release|Any CPU.ActiveCfg = Release|Any CPU
		{55B7F556-1F7F-4DB2-A305-E6C778899D79}.Release|Any CPU.Build.0 = Release|Any CPU
		{C123EB69-0C50-437F-8A35-162428CE8273}.Debug|Any CPU.ActiveCfg = Debug|Any CPU
		{C123EB69-0C50-437F-8A35-162428CE8273}.Debug|Any CPU.Build.0 = Debug|Any CPU
		{C123EB69-0C50-437F-8A35-162428CE8273}.Release|Any CPU.ActiveCfg = Release|Any CPU
		{C123EB69-0C50-437F-8A35-162428CE8273}.Release|Any CPU.Build.0 = Release|Any CPU
		{C2931C96-8C62-44EF-A2F4-04D4B67D8735}.Debug|Any CPU.ActiveCfg = Debug|Any CPU
		{C2931C96-8C62-44EF-A2F4-04D4B67D8735}.Debug|Any CPU.Build.0 = Debug|Any CPU
		{C2931C96-8C62-44EF-A2F4-04D4B67D8735}.Release|Any CPU.ActiveCfg = Release|Any CPU
		{C2931C96-8C62-44EF-A2F4-04D4B67D8735}.Release|Any CPU.Build.0 = Release|Any CPU
		{D3F77024-F793-48C5-8C85-C8D31C2940DC}.Debug|Any CPU.ActiveCfg = Debug|Any CPU
		{D3F77024-F793-48C5-8C85-C8D31C2940DC}.Debug|Any CPU.Build.0 = Debug|Any CPU
		{D3F77024-F793-48C5-8C85-C8D31C2940DC}.Release|Any CPU.ActiveCfg = Release|Any CPU
		{D3F77024-F793-48C5-8C85-C8D31C2940DC}.Release|Any CPU.Build.0 = Release|Any CPU
		{14A297C4-6E32-4088-91EC-692E82D51565}.Debug|Any CPU.ActiveCfg = Debug|Any CPU
		{14A297C4-6E32-4088-91EC-692E82D51565}.Debug|Any CPU.Build.0 = Debug|Any CPU
		{14A297C4-6E32-4088-91EC-692E82D51565}.Release|Any CPU.ActiveCfg = Release|Any CPU
		{14A297C4-6E32-4088-91EC-692E82D51565}.Release|Any CPU.Build.0 = Release|Any CPU
		{552DB04D-6DF9-4FD9-B8A2-C96A04443FC6}.Debug|Any CPU.ActiveCfg = Debug|Any CPU
		{552DB04D-6DF9-4FD9-B8A2-C96A04443FC6}.Debug|Any CPU.Build.0 = Debug|Any CPU
		{552DB04D-6DF9-4FD9-B8A2-C96A04443FC6}.Release|Any CPU.ActiveCfg = Release|Any CPU
		{552DB04D-6DF9-4FD9-B8A2-C96A04443FC6}.Release|Any CPU.Build.0 = Release|Any CPU
		{46AA5720-A295-4837-8B36-47B48C9D37B2}.Debug|Any CPU.ActiveCfg = Debug|Any CPU
		{46AA5720-A295-4837-8B36-47B48C9D37B2}.Debug|Any CPU.Build.0 = Debug|Any CPU
		{46AA5720-A295-4837-8B36-47B48C9D37B2}.Release|Any CPU.ActiveCfg = Release|Any CPU
		{46AA5720-A295-4837-8B36-47B48C9D37B2}.Release|Any CPU.Build.0 = Release|Any CPU
		{CBDFAC87-B02E-46F0-B2EA-DA9BEC6F7B8F}.Debug|Any CPU.ActiveCfg = Debug|Any CPU
		{CBDFAC87-B02E-46F0-B2EA-DA9BEC6F7B8F}.Debug|Any CPU.Build.0 = Debug|Any CPU
		{CBDFAC87-B02E-46F0-B2EA-DA9BEC6F7B8F}.Release|Any CPU.ActiveCfg = Release|Any CPU
		{CBDFAC87-B02E-46F0-B2EA-DA9BEC6F7B8F}.Release|Any CPU.Build.0 = Release|Any CPU
		{A86195DA-1944-4687-9913-9526B8E1CC64}.Debug|Any CPU.ActiveCfg = Debug|Any CPU
		{A86195DA-1944-4687-9913-9526B8E1CC64}.Debug|Any CPU.Build.0 = Debug|Any CPU
		{A86195DA-1944-4687-9913-9526B8E1CC64}.Release|Any CPU.ActiveCfg = Release|Any CPU
		{A86195DA-1944-4687-9913-9526B8E1CC64}.Release|Any CPU.Build.0 = Release|Any CPU
		{0016B745-3829-437F-B0A8-8F30344424A0}.Debug|Any CPU.ActiveCfg = Debug|Any CPU
		{0016B745-3829-437F-B0A8-8F30344424A0}.Debug|Any CPU.Build.0 = Debug|Any CPU
		{0016B745-3829-437F-B0A8-8F30344424A0}.Release|Any CPU.ActiveCfg = Release|Any CPU
		{0016B745-3829-437F-B0A8-8F30344424A0}.Release|Any CPU.Build.0 = Release|Any CPU
		{C824D7D3-9923-4BDD-ACD7-ADEC4DD1E6E6}.Debug|Any CPU.ActiveCfg = Debug|Any CPU
		{C824D7D3-9923-4BDD-ACD7-ADEC4DD1E6E6}.Debug|Any CPU.Build.0 = Debug|Any CPU
		{C824D7D3-9923-4BDD-ACD7-ADEC4DD1E6E6}.Release|Any CPU.ActiveCfg = Release|Any CPU
		{C824D7D3-9923-4BDD-ACD7-ADEC4DD1E6E6}.Release|Any CPU.Build.0 = Release|Any CPU
		{90C965CC-6A3D-47EB-A4BC-985C59EDFC81}.Debug|Any CPU.ActiveCfg = Debug|Any CPU
		{90C965CC-6A3D-47EB-A4BC-985C59EDFC81}.Debug|Any CPU.Build.0 = Debug|Any CPU
		{90C965CC-6A3D-47EB-A4BC-985C59EDFC81}.Release|Any CPU.ActiveCfg = Release|Any CPU
		{90C965CC-6A3D-47EB-A4BC-985C59EDFC81}.Release|Any CPU.Build.0 = Release|Any CPU
		{19FE4CE4-173E-4F8E-B809-78884B8BF202}.Debug|Any CPU.ActiveCfg = Debug|Any CPU
		{19FE4CE4-173E-4F8E-B809-78884B8BF202}.Debug|Any CPU.Build.0 = Debug|Any CPU
		{19FE4CE4-173E-4F8E-B809-78884B8BF202}.Release|Any CPU.ActiveCfg = Release|Any CPU
		{19FE4CE4-173E-4F8E-B809-78884B8BF202}.Release|Any CPU.Build.0 = Release|Any CPU
		{B8429EA5-7483-444A-B631-55AD33DD5631}.Debug|Any CPU.ActiveCfg = Debug|Any CPU
		{B8429EA5-7483-444A-B631-55AD33DD5631}.Debug|Any CPU.Build.0 = Debug|Any CPU
		{B8429EA5-7483-444A-B631-55AD33DD5631}.Release|Any CPU.ActiveCfg = Release|Any CPU
		{B8429EA5-7483-444A-B631-55AD33DD5631}.Release|Any CPU.Build.0 = Release|Any CPU
		{8B05E1B7-C22E-4CCD-8910-3F1DCCE558F1}.Debug|Any CPU.ActiveCfg = Debug|Any CPU
		{8B05E1B7-C22E-4CCD-8910-3F1DCCE558F1}.Debug|Any CPU.Build.0 = Debug|Any CPU
		{8B05E1B7-C22E-4CCD-8910-3F1DCCE558F1}.Release|Any CPU.ActiveCfg = Release|Any CPU
		{8B05E1B7-C22E-4CCD-8910-3F1DCCE558F1}.Release|Any CPU.Build.0 = Release|Any CPU
		{C14F2AE7-2B90-4373-84FF-C0233CDC25DB}.Debug|Any CPU.ActiveCfg = Debug|Any CPU
		{C14F2AE7-2B90-4373-84FF-C0233CDC25DB}.Debug|Any CPU.Build.0 = Debug|Any CPU
		{C14F2AE7-2B90-4373-84FF-C0233CDC25DB}.Release|Any CPU.ActiveCfg = Release|Any CPU
		{C14F2AE7-2B90-4373-84FF-C0233CDC25DB}.Release|Any CPU.Build.0 = Release|Any CPU
		{A13522C2-AC79-4514-8720-8D2F0F4AC485}.Debug|Any CPU.ActiveCfg = Debug|Any CPU
		{A13522C2-AC79-4514-8720-8D2F0F4AC485}.Debug|Any CPU.Build.0 = Debug|Any CPU
		{A13522C2-AC79-4514-8720-8D2F0F4AC485}.Release|Any CPU.ActiveCfg = Release|Any CPU
		{A13522C2-AC79-4514-8720-8D2F0F4AC485}.Release|Any CPU.Build.0 = Release|Any CPU
		{7B1EBF90-F004-4663-A615-0F7802CB6601}.Debug|Any CPU.ActiveCfg = Debug|Any CPU
		{7B1EBF90-F004-4663-A615-0F7802CB6601}.Debug|Any CPU.Build.0 = Debug|Any CPU
		{7B1EBF90-F004-4663-A615-0F7802CB6601}.Release|Any CPU.ActiveCfg = Release|Any CPU
		{7B1EBF90-F004-4663-A615-0F7802CB6601}.Release|Any CPU.Build.0 = Release|Any CPU
		{9587C1E8-792B-4CB2-95A2-61AFF03E0E09}.Debug|Any CPU.ActiveCfg = Debug|Any CPU
		{9587C1E8-792B-4CB2-95A2-61AFF03E0E09}.Debug|Any CPU.Build.0 = Debug|Any CPU
		{9587C1E8-792B-4CB2-95A2-61AFF03E0E09}.Release|Any CPU.ActiveCfg = Release|Any CPU
		{9587C1E8-792B-4CB2-95A2-61AFF03E0E09}.Release|Any CPU.Build.0 = Release|Any CPU
		{551F53FB-779D-42F0-BEBD-9EE2C8424626}.Debug|Any CPU.ActiveCfg = Debug|Any CPU
		{551F53FB-779D-42F0-BEBD-9EE2C8424626}.Debug|Any CPU.Build.0 = Debug|Any CPU
		{551F53FB-779D-42F0-BEBD-9EE2C8424626}.Release|Any CPU.ActiveCfg = Release|Any CPU
		{551F53FB-779D-42F0-BEBD-9EE2C8424626}.Release|Any CPU.Build.0 = Release|Any CPU
	EndGlobalSection
	GlobalSection(SolutionProperties) = preSolution
		HideSolutionNode = FALSE
	EndGlobalSection
	GlobalSection(ExtensibilityGlobals) = postSolution
		SolutionGuid = {593C7B4C-CE86-4263-AAAD-4C21BC43C7C6}
	EndGlobalSection
EndGlobal
